
Microsoft Visual Studio Solution File, Format Version 12.00
# Visual Studio 15
VisualStudioVersion = 15.0.28307.1705
MinimumVisualStudioVersion = 10.0.40219.1
Project("{8BC9CEB8-8B4A-11D0-8D11-00A0C91BC942}") = "p07", "p07\p07.vcxproj", "{4CE36BC4-AB02-4855-8401-E9CD6FB5C804}"
EndProject
Global
	GlobalSection(SolutionConfigurationPlatforms) = preSolution
		Debug|x64 = Debug|x64
		Debug|x86 = Debug|x86
		Release|x64 = Release|x64
		Release|x86 = Release|x86
	EndGlobalSection
	GlobalSection(ProjectConfigurationPlatforms) = postSolution
		{4CE36BC4-AB02-4855-8401-E9CD6FB5C804}.Debug|x64.ActiveCfg = Debug|x64
		{4CE36BC4-AB02-4855-8401-E9CD6FB5C804}.Debug|x64.Build.0 = Debug|x64
		{4CE36BC4-AB02-4855-8401-E9CD6FB5C804}.Debug|x86.ActiveCfg = Debug|Win32
		{4CE36BC4-AB02-4855-8401-E9CD6FB5C804}.Debug|x86.Build.0 = Debug|Win32
		{4CE36BC4-AB02-4855-8401-E9CD6FB5C804}.Release|x64.ActiveCfg = Release|x64
		{4CE36BC4-AB02-4855-8401-E9CD6FB5C804}.Release|x64.Build.0 = Release|x64
		{4CE36BC4-AB02-4855-8401-E9CD6FB5C804}.Release|x86.ActiveCfg = Release|Win32
		{4CE36BC4-AB02-4855-8401-E9CD6FB5C804}.Release|x86.Build.0 = Release|Win32
	EndGlobalSection
	GlobalSection(SolutionProperties) = preSolution
		HideSolutionNode = FALSE
	EndGlobalSection
	GlobalSection(ExtensibilityGlobals) = postSolution
		SolutionGuid = {69366B45-A09A-4B91-9C31-9B905D2CD45A}
	EndGlobalSection
EndGlobal
